<?xml version="1.0" encoding="utf-8"?>
<Project ToolsVersion="4.0" xmlns="http://schemas.microsoft.com/developer/msbuild/2003">
  <ItemGroup>
    <Filter Include="Source Files">
      <UniqueIdentifier>{4FC737F1-C7A5-4376-A066-2A32D752A2FF}</UniqueIdentifier>
      <Extensions>cpp;c;cc;cxx;c++;cppm;ixx;def;odl;idl;hpj;bat;asm;asmx</Extensions>
    </Filter>
    <Filter Include="Header Files">
      <UniqueIdentifier>{93995380-89BD-4b04-88EB-625FBE52EBFB}</UniqueIdentifier>
      <Extensions>h;hh;hpp;hxx;h++;hm;inl;inc;ipp;xsd</Extensions>
    </Filter>
    <Filter Include="Resource Files">
      <UniqueIdentifier>{67DA6AB6-F800-4c08-8B7A-83BB121AAD01}</UniqueIdentifier>
      <Extensions>rc;ico;cur;bmp;dlg;rc2;rct;bin;rgs;gif;jpg;jpeg;jpe;resx;tiff;tif;png;wav;mfcribbon-ms</Extensions>
    </Filter>
  </ItemGroup>
  <ItemGroup>
    <ClInclude Include="pch.h">
      <Filter>Header Files</Filter>
    </ClInclude>
    <ClInclude Include="Models\Point.h">
      <Filter>Header Files</Filter>
    </ClInclude>
    <ClInclude Include="Models\SceneObject.h">
      <Filter>Header Files</Filter>
    </ClInclude>
    <ClInclude Include="Serializable.h">
      <Filter>Header Files</Filter>
    </ClInclude>
    <ClInclude Include="Utils\Float3.h">
      <Filter>Header Files</Filter>
    </ClInclude>
    <ClInclude Include="Utils\Uint2.h">
      <Filter>Header Files</Filter>
    </ClInclude>
    <ClInclude Include="Models\Torus.h">
      <Filter>Header Files</Filter>
    </ClInclude>
    <ClInclude Include="Models\Curves\BezierC0.h">
      <Filter>Header Files</Filter>
    </ClInclude>
    <ClInclude Include="Models\Curves\BezierC2.h">
      <Filter>Header Files</Filter>
    </ClInclude>
    <ClInclude Include="Models\Curves\InterpolatedC2.h">
      <Filter>Header Files</Filter>
    </ClInclude>
    <ClInclude Include="Models\Curves\Bezier.h">
      <Filter>Header Files</Filter>
    </ClInclude>
    <ClInclude Include="Scene\Scene.h">
      <Filter>Header Files</Filter>
    </ClInclude>
    <ClInclude Include="Scene\SceneSerializer.h">
      <Filter>Header Files</Filter>
    </ClInclude>
    <ClInclude Include="Serializer.h">
      <Filter>Header Files</Filter>
    </ClInclude>
    <ClInclude Include="Resources\Schema.h">
      <Filter>Header Files</Filter>
    </ClInclude>
    <ClInclude Include="Models\Surfaces\BezierPatch.h">
      <Filter>Header Files</Filter>
    </ClInclude>
    <ClInclude Include="Models\Surfaces\BezierPatchC0.h">
      <Filter>Header Files</Filter>
    </ClInclude>
    <ClInclude Include="Models\Surfaces\BezierPatchC2.h">
      <Filter>Header Files</Filter>
    </ClInclude>
    <ClInclude Include="Models\Surfaces\BezierSurfaceC0.h">
      <Filter>Header Files</Filter>
    </ClInclude>
    <ClInclude Include="Models\Surfaces\BezierSurfaceC2.h">
      <Filter>Header Files</Filter>
    </ClInclude>
    <ClInclude Include="Models\PointRef.h">
      <Filter>Header Files</Filter>
    </ClInclude>
    <ClInclude Include="Scene\SerializerException.h">
      <Filter>Header Files</Filter>
    </ClInclude>
  </ItemGroup>
  <ItemGroup>
    <ClCompile Include="pch.cpp">
      <Filter>Source Files</Filter>
    </ClCompile>
    <ClCompile Include="Models\SceneObject.cpp">
      <Filter>Source Files</Filter>
    </ClCompile>
    <ClCompile Include="Models\Point.cpp">
      <Filter>Source Files</Filter>
    </ClCompile>
    <ClCompile Include="Utils\Float3.cpp">
      <Filter>Source Files</Filter>
    </ClCompile>
    <ClCompile Include="Utils\Uint2.cpp">
      <Filter>Source Files</Filter>
    </ClCompile>
    <ClCompile Include="Models\Curves\BezierC0.cpp">
      <Filter>Source Files</Filter>
    </ClCompile>
    <ClCompile Include="Models\Curves\BezierC2.cpp">
      <Filter>Source Files</Filter>
    </ClCompile>
    <ClCompile Include="Models\Curves\InterpolatedC2.cpp">
      <Filter>Source Files</Filter>
    </ClCompile>
    <ClCompile Include="Models\Torus.cpp">
      <Filter>Source Files</Filter>
    </ClCompile>
    <ClCompile Include="Scene\SceneSerializer.cpp">
      <Filter>Source Files</Filter>
    </ClCompile>
    <ClCompile Include="Models\Surfaces\BezierPatchC0.cpp">
      <Filter>Source Files</Filter>
    </ClCompile>
    <ClCompile Include="Models\Surfaces\BezierPatchC2.cpp">
      <Filter>Source Files</Filter>
    </ClCompile>
    <ClCompile Include="Scene\Scene.cpp">
      <Filter>Source Files</Filter>
    </ClCompile>
    <ClCompile Include="Models\Surfaces\BezierSurfaceC0.cpp">
      <Filter>Source Files</Filter>
    </ClCompile>
    <ClCompile Include="Models\Surfaces\BezierSurfaceC2.cpp">
      <Filter>Source Files</Filter>
    </ClCompile>
    <ClCompile Include="Models\PointRef.cpp">
      <Filter>Source Files</Filter>
    </ClCompile>
  </ItemGroup>
</Project>