<?xml version="1.0" encoding="utf-8"?>
<Project ToolsVersion="4.0" xmlns="http://schemas.microsoft.com/developer/msbuild/2003">
  <ItemGroup>
    <Filter Include="Source Files">
      <UniqueIdentifier>{4FC737F1-C7A5-4376-A066-2A32D752A2FF}</UniqueIdentifier>
      <Extensions>cpp;c;cc;cxx;c++;cppm;ixx;def;odl;idl;hpj;bat;asm;asmx</Extensions>
    </Filter>
    <Filter Include="Header Files">
      <UniqueIdentifier>{93995380-89BD-4b04-88EB-625FBE52EBFB}</UniqueIdentifier>
      <Extensions>h;hh;hpp;hxx;h++;hm;inl;inc;ipp;xsd</Extensions>
    </Filter>
    <Filter Include="Resource Files">
      <UniqueIdentifier>{67DA6AB6-F800-4c08-8B7A-83BB121AAD01}</UniqueIdentifier>
      <Extensions>rc;ico;cur;bmp;dlg;rc2;rct;bin;rgs;gif;jpg;jpeg;jpe;resx;tiff;tif;png;wav;mfcribbon-ms</Extensions>
    </Filter>
  </ItemGroup>
  <ItemGroup>
    <ClInclude Include="gmtl\AABox.h">
      <Filter>Header Files</Filter>
    </ClInclude>
    <ClInclude Include="gmtl\AABoxOps.h">
      <Filter>Header Files</Filter>
    </ClInclude>
    <ClInclude Include="gmtl\AxisAngle.h">
      <Filter>Header Files</Filter>
    </ClInclude>
    <ClInclude Include="gmtl\AxisAngleOps.h">
      <Filter>Header Files</Filter>
    </ClInclude>
    <ClInclude Include="gmtl\Comparitors.h">
      <Filter>Header Files</Filter>
    </ClInclude>
    <ClInclude Include="gmtl\Config.h">
      <Filter>Header Files</Filter>
    </ClInclude>
    <ClInclude Include="gmtl\Containment.h">
      <Filter>Header Files</Filter>
    </ClInclude>
    <ClInclude Include="gmtl\Coord.h">
      <Filter>Header Files</Filter>
    </ClInclude>
    <ClInclude Include="gmtl\CoordOps.h">
      <Filter>Header Files</Filter>
    </ClInclude>
    <ClInclude Include="gmtl\Defines.h">
      <Filter>Header Files</Filter>
    </ClInclude>
    <ClInclude Include="gmtl\EulerAngle.h">
      <Filter>Header Files</Filter>
    </ClInclude>
    <ClInclude Include="gmtl\EulerAngleOps.h">
      <Filter>Header Files</Filter>
    </ClInclude>
    <ClInclude Include="gmtl\Frustum.h">
      <Filter>Header Files</Filter>
    </ClInclude>
    <ClInclude Include="gmtl\FrustumOps.h">
      <Filter>Header Files</Filter>
    </ClInclude>
    <ClInclude Include="gmtl\Generate.h">
      <Filter>Header Files</Filter>
    </ClInclude>
    <ClInclude Include="gmtl\gmtl.h">
      <Filter>Header Files</Filter>
    </ClInclude>
    <ClInclude Include="gmtl\Helpers.h">
      <Filter>Header Files</Filter>
    </ClInclude>
    <ClInclude Include="gmtl\Intersection.h">
      <Filter>Header Files</Filter>
    </ClInclude>
    <ClInclude Include="gmtl\LineSeg.h">
      <Filter>Header Files</Filter>
    </ClInclude>
    <ClInclude Include="gmtl\LineSegOps.h">
      <Filter>Header Files</Filter>
    </ClInclude>
    <ClInclude Include="gmtl\Math.h">
      <Filter>Header Files</Filter>
    </ClInclude>
    <ClInclude Include="gmtl\Matrix.h">
      <Filter>Header Files</Filter>
    </ClInclude>
    <ClInclude Include="gmtl\MatrixOps.h">
      <Filter>Header Files</Filter>
    </ClInclude>
    <ClInclude Include="gmtl\OOBox.h">
      <Filter>Header Files</Filter>
    </ClInclude>
    <ClInclude Include="gmtl\Output.h">
      <Filter>Header Files</Filter>
    </ClInclude>
    <ClInclude Include="gmtl\ParametricCurve.h">
      <Filter>Header Files</Filter>
    </ClInclude>
    <ClInclude Include="gmtl\Plane.h">
      <Filter>Header Files</Filter>
    </ClInclude>
    <ClInclude Include="gmtl\PlaneOps.h">
      <Filter>Header Files</Filter>
    </ClInclude>
    <ClInclude Include="gmtl\Point.h">
      <Filter>Header Files</Filter>
    </ClInclude>
    <ClInclude Include="gmtl\Quat.h">
      <Filter>Header Files</Filter>
    </ClInclude>
    <ClInclude Include="gmtl\QuatOps.h">
      <Filter>Header Files</Filter>
    </ClInclude>
    <ClInclude Include="gmtl\Ray.h">
      <Filter>Header Files</Filter>
    </ClInclude>
    <ClInclude Include="gmtl\RayOps.h">
      <Filter>Header Files</Filter>
    </ClInclude>
    <ClInclude Include="gmtl\Sphere.h">
      <Filter>Header Files</Filter>
    </ClInclude>
    <ClInclude Include="gmtl\SphereOps.h">
      <Filter>Header Files</Filter>
    </ClInclude>
    <ClInclude Include="gmtl\Tri.h">
      <Filter>Header Files</Filter>
    </ClInclude>
    <ClInclude Include="gmtl\TriOps.h">
      <Filter>Header Files</Filter>
    </ClInclude>
    <ClInclude Include="gmtl\Vec.h">
      <Filter>Header Files</Filter>
    </ClInclude>
    <ClInclude Include="gmtl\VecBase.h">
      <Filter>Header Files</Filter>
    </ClInclude>
    <ClInclude Include="gmtl\VecExprMeta.h">
      <Filter>Header Files</Filter>
    </ClInclude>
    <ClInclude Include="gmtl\VecOps.h">
      <Filter>Header Files</Filter>
    </ClInclude>
    <ClInclude Include="gmtl\VecOpsMeta.h">
      <Filter>Header Files</Filter>
    </ClInclude>
    <ClInclude Include="gmtl\Version.h">
      <Filter>Header Files</Filter>
    </ClInclude>
    <ClInclude Include="gmtl\Xforms.h">
      <Filter>Header Files</Filter>
    </ClInclude>
    <ClInclude Include="gmtl\Numerics\Eigen.h">
      <Filter>Header Files</Filter>
    </ClInclude>
    <ClInclude Include="gmtl\Util\Assert.h">
      <Filter>Header Files</Filter>
    </ClInclude>
    <ClInclude Include="gmtl\Util\Meta.h">
      <Filter>Header Files</Filter>
    </ClInclude>
    <ClInclude Include="gmtl\Util\StaticAssert.h">
      <Filter>Header Files</Filter>
    </ClInclude>
  </ItemGroup>
</Project>