<?xml version="1.0" encoding="utf-8"?>
<Project ToolsVersion="4.0" xmlns="http://schemas.microsoft.com/developer/msbuild/2003">
  <ItemGroup>
    <Filter Include="Source Files">
      <UniqueIdentifier>{4FC737F1-C7A5-4376-A066-2A32D752A2FF}</UniqueIdentifier>
      <Extensions>cpp;c;cc;cxx;c++;cppm;ixx;def;odl;idl;hpj;bat;asm;asmx</Extensions>
    </Filter>
    <Filter Include="Header Files">
      <UniqueIdentifier>{93995380-89BD-4b04-88EB-625FBE52EBFB}</UniqueIdentifier>
      <Extensions>h;hh;hpp;hxx;h++;hm;inl;inc;ipp;xsd</Extensions>
    </Filter>
    <Filter Include="Resource Files">
      <UniqueIdentifier>{67DA6AB6-F800-4c08-8B7A-83BB121AAD01}</UniqueIdentifier>
      <Extensions>rc;ico;cur;bmp;dlg;rc2;rct;bin;rgs;gif;jpg;jpeg;jpe;resx;tiff;tif;png;wav;mfcribbon-ms</Extensions>
    </Filter>
  </ItemGroup>
  <ItemGroup>
    <ClCompile Include="src\EntryPoint.h">
      <Filter>Source Files</Filter>
    </ClCompile>
    <ClCompile Include="src\Core\Application.cpp">
      <Filter>Source Files</Filter>
    </ClCompile>
    <ClCompile Include="src\Event\KeyboardEvents.cpp">
      <Filter>Source Files</Filter>
    </ClCompile>
    <ClCompile Include="src\Event\MouseEvents.cpp">
      <Filter>Source Files</Filter>
    </ClCompile>
    <ClCompile Include="src\Event\WindowEvents.cpp">
      <Filter>Source Files</Filter>
    </ClCompile>
    <ClCompile Include="src\Win32\Win32Window.cpp">
      <Filter>Source Files</Filter>
    </ClCompile>
    <ClCompile Include="src\Win32\Win32EventFactory.cpp">
      <Filter>Source Files</Filter>
    </ClCompile>
    <ClCompile Include="src\Event\EventEmitter.cpp">
      <Filter>Source Files</Filter>
    </ClCompile>
    <ClCompile Include="src\Win32\DirectX11\DX11Renderer.cpp">
      <Filter>Source Files</Filter>
    </ClCompile>
    <ClCompile Include="src\Camera\AbstractCamera.cpp">
      <Filter>Source Files</Filter>
    </ClCompile>
    <ClCompile Include="src\Camera\OrthographicCamera.cpp">
      <Filter>Source Files</Filter>
    </ClCompile>
    <ClCompile Include="src\Camera\CameraFactory.cpp">
      <Filter>Source Files</Filter>
    </ClCompile>
  </ItemGroup>
  <ItemGroup>
    <ClInclude Include="src\Core\Application.h">
      <Filter>Header Files</Filter>
    </ClInclude>
    <ClInclude Include="src\Core\ClientApp.h">
      <Filter>Header Files</Filter>
    </ClInclude>
    <ClInclude Include="src\Core\Window.h">
      <Filter>Header Files</Filter>
    </ClInclude>
    <ClInclude Include="src\Event\Event.h">
      <Filter>Header Files</Filter>
    </ClInclude>
    <ClInclude Include="src\Event\IEventDispatchable.h">
      <Filter>Header Files</Filter>
    </ClInclude>
    <ClInclude Include="src\Event\KeyboardEvents.h">
      <Filter>Header Files</Filter>
    </ClInclude>
    <ClInclude Include="src\Event\MouseEvents.h">
      <Filter>Header Files</Filter>
    </ClInclude>
    <ClInclude Include="src\Event\WindowEvents.h">
      <Filter>Header Files</Filter>
    </ClInclude>
    <ClInclude Include="src\Core\ApplicationInfo.h">
      <Filter>Header Files</Filter>
    </ClInclude>
    <ClInclude Include="src\Win32\Win32Window.h">
      <Filter>Header Files</Filter>
    </ClInclude>
    <ClInclude Include="src\Win32\Win32EventFactory.h">
      <Filter>Header Files</Filter>
    </ClInclude>
    <ClInclude Include="src\Core\KeyboardKeys.h">
      <Filter>Header Files</Filter>
    </ClInclude>
    <ClInclude Include="src\Core\MouseCode.h">
      <Filter>Header Files</Filter>
    </ClInclude>
    <ClInclude Include="src\Event\EventEmitter.h">
      <Filter>Header Files</Filter>
    </ClInclude>
    <ClInclude Include="src\Core\Renderer.h">
      <Filter>Header Files</Filter>
    </ClInclude>
    <ClInclude Include="src\Win32\DirectX11\DX11Renderer.h">
      <Filter>Header Files</Filter>
    </ClInclude>
    <ClInclude Include="src\BuD.h">
      <Filter>Header Files</Filter>
    </ClInclude>
    <ClInclude Include="src\gmtl\Numerics\Eigen.h">
      <Filter>Header Files</Filter>
    </ClInclude>
    <ClInclude Include="src\gmtl\Util\Assert.h">
      <Filter>Header Files</Filter>
    </ClInclude>
    <ClInclude Include="src\gmtl\Util\Meta.h">
      <Filter>Header Files</Filter>
    </ClInclude>
    <ClInclude Include="src\gmtl\Util\StaticAssert.h">
      <Filter>Header Files</Filter>
    </ClInclude>
    <ClInclude Include="src\gmtl\AABox.h">
      <Filter>Header Files</Filter>
    </ClInclude>
    <ClInclude Include="src\gmtl\AABoxOps.h">
      <Filter>Header Files</Filter>
    </ClInclude>
    <ClInclude Include="src\gmtl\AxisAngle.h">
      <Filter>Header Files</Filter>
    </ClInclude>
    <ClInclude Include="src\gmtl\AxisAngleOps.h">
      <Filter>Header Files</Filter>
    </ClInclude>
    <ClInclude Include="src\gmtl\Comparitors.h">
      <Filter>Header Files</Filter>
    </ClInclude>
    <ClInclude Include="src\gmtl\Config.h">
      <Filter>Header Files</Filter>
    </ClInclude>
    <ClInclude Include="src\gmtl\Containment.h">
      <Filter>Header Files</Filter>
    </ClInclude>
    <ClInclude Include="src\gmtl\Coord.h">
      <Filter>Header Files</Filter>
    </ClInclude>
    <ClInclude Include="src\gmtl\CoordOps.h">
      <Filter>Header Files</Filter>
    </ClInclude>
    <ClInclude Include="src\gmtl\Defines.h">
      <Filter>Header Files</Filter>
    </ClInclude>
    <ClInclude Include="src\gmtl\EulerAngle.h">
      <Filter>Header Files</Filter>
    </ClInclude>
    <ClInclude Include="src\gmtl\EulerAngleOps.h">
      <Filter>Header Files</Filter>
    </ClInclude>
    <ClInclude Include="src\gmtl\Frustum.h">
      <Filter>Header Files</Filter>
    </ClInclude>
    <ClInclude Include="src\gmtl\FrustumOps.h">
      <Filter>Header Files</Filter>
    </ClInclude>
    <ClInclude Include="src\gmtl\Generate.h">
      <Filter>Header Files</Filter>
    </ClInclude>
    <ClInclude Include="src\gmtl\gmtl.h">
      <Filter>Header Files</Filter>
    </ClInclude>
    <ClInclude Include="src\gmtl\Helpers.h">
      <Filter>Header Files</Filter>
    </ClInclude>
    <ClInclude Include="src\gmtl\Intersection.h">
      <Filter>Header Files</Filter>
    </ClInclude>
    <ClInclude Include="src\gmtl\LineSeg.h">
      <Filter>Header Files</Filter>
    </ClInclude>
    <ClInclude Include="src\gmtl\LineSegOps.h">
      <Filter>Header Files</Filter>
    </ClInclude>
    <ClInclude Include="src\gmtl\Math.h">
      <Filter>Header Files</Filter>
    </ClInclude>
    <ClInclude Include="src\gmtl\Matrix.h">
      <Filter>Header Files</Filter>
    </ClInclude>
    <ClInclude Include="src\gmtl\MatrixOps.h">
      <Filter>Header Files</Filter>
    </ClInclude>
    <ClInclude Include="src\gmtl\OOBox.h">
      <Filter>Header Files</Filter>
    </ClInclude>
    <ClInclude Include="src\gmtl\Output.h">
      <Filter>Header Files</Filter>
    </ClInclude>
    <ClInclude Include="src\gmtl\ParametricCurve.h">
      <Filter>Header Files</Filter>
    </ClInclude>
    <ClInclude Include="src\gmtl\Plane.h">
      <Filter>Header Files</Filter>
    </ClInclude>
    <ClInclude Include="src\gmtl\PlaneOps.h">
      <Filter>Header Files</Filter>
    </ClInclude>
    <ClInclude Include="src\gmtl\Point.h">
      <Filter>Header Files</Filter>
    </ClInclude>
    <ClInclude Include="src\gmtl\Quat.h">
      <Filter>Header Files</Filter>
    </ClInclude>
    <ClInclude Include="src\gmtl\QuatOps.h">
      <Filter>Header Files</Filter>
    </ClInclude>
    <ClInclude Include="src\gmtl\Ray.h">
      <Filter>Header Files</Filter>
    </ClInclude>
    <ClInclude Include="src\gmtl\RayOps.h">
      <Filter>Header Files</Filter>
    </ClInclude>
    <ClInclude Include="src\gmtl\Sphere.h">
      <Filter>Header Files</Filter>
    </ClInclude>
    <ClInclude Include="src\gmtl\SphereOps.h">
      <Filter>Header Files</Filter>
    </ClInclude>
    <ClInclude Include="src\gmtl\Tri.h">
      <Filter>Header Files</Filter>
    </ClInclude>
    <ClInclude Include="src\gmtl\TriOps.h">
      <Filter>Header Files</Filter>
    </ClInclude>
    <ClInclude Include="src\gmtl\Vec.h">
      <Filter>Header Files</Filter>
    </ClInclude>
    <ClInclude Include="src\gmtl\VecBase.h">
      <Filter>Header Files</Filter>
    </ClInclude>
    <ClInclude Include="src\gmtl\VecExprMeta.h">
      <Filter>Header Files</Filter>
    </ClInclude>
    <ClInclude Include="src\gmtl\VecOps.h">
      <Filter>Header Files</Filter>
    </ClInclude>
    <ClInclude Include="src\gmtl\VecOpsMeta.h">
      <Filter>Header Files</Filter>
    </ClInclude>
    <ClInclude Include="src\gmtl\Version.h">
      <Filter>Header Files</Filter>
    </ClInclude>
    <ClInclude Include="src\gmtl\Xforms.h">
      <Filter>Header Files</Filter>
    </ClInclude>
    <ClInclude Include="src\Camera\AbstractCamera.h">
      <Filter>Header Files</Filter>
    </ClInclude>
    <ClInclude Include="src\Camera\OrthographicCamera.h">
      <Filter>Header Files</Filter>
    </ClInclude>
    <ClInclude Include="src\Camera\CameraFactory.h">
      <Filter>Header Files</Filter>
    </ClInclude>
  </ItemGroup>
</Project>