
Microsoft Visual Studio Solution File, Format Version 12.00
# Visual Studio Version 17
VisualStudioVersion = 17.0.32126.317
MinimumVisualStudioVersion = 10.0.40219.1
Project("{8BC9CEB8-8B4A-11D0-8D11-00A0C91BC942}") = "BuD", "BuD\BuD.vcxproj", "{3AF35336-5AB5-4357-B2B3-A5CE0DF91FCA}"
EndProject
Project("{8BC9CEB8-8B4A-11D0-8D11-00A0C91BC942}") = "Sandbox", "Sandbox\Sandbox.vcxproj", "{CC46F4D4-954E-400C-B64F-3D98C8229366}"
EndProject
Project("{2150E333-8FDC-42A3-9474-1A3956D46DE8}") = "Dependencies", "Dependencies", "{FF064904-A42E-46C1-BCC6-FCEAD1C45460}"
EndProject
Project("{8BC9CEB8-8B4A-11D0-8D11-00A0C91BC942}") = "DirectXTK", "Dependencies\DirectXTK\DirectXTK_Desktop_2022_Win10.vcxproj", "{6D79829E-A19E-456C-A4BE-0AD5F55BF220}"
EndProject
Global
	GlobalSection(SolutionConfigurationPlatforms) = preSolution
		Debug|ARM = Debug|ARM
		Debug|ARM64 = Debug|ARM64
		Debug|x64 = Debug|x64
		Debug|x86 = Debug|x86
		MinSizeRel|ARM = MinSizeRel|ARM
		MinSizeRel|ARM64 = MinSizeRel|ARM64
		MinSizeRel|x64 = MinSizeRel|x64
		MinSizeRel|x86 = MinSizeRel|x86
		Release|ARM = Release|ARM
		Release|ARM64 = Release|ARM64
		Release|x64 = Release|x64
		Release|x86 = Release|x86
		RelWithDebInfo|ARM = RelWithDebInfo|ARM
		RelWithDebInfo|ARM64 = RelWithDebInfo|ARM64
		RelWithDebInfo|x64 = RelWithDebInfo|x64
		RelWithDebInfo|x86 = RelWithDebInfo|x86
	EndGlobalSection
	GlobalSection(ProjectConfigurationPlatforms) = postSolution
		{3AF35336-5AB5-4357-B2B3-A5CE0DF91FCA}.Debug|ARM.ActiveCfg = Debug|x64
		{3AF35336-5AB5-4357-B2B3-A5CE0DF91FCA}.Debug|ARM.Build.0 = Debug|x64
		{3AF35336-5AB5-4357-B2B3-A5CE0DF91FCA}.Debug|ARM64.ActiveCfg = Debug|x64
		{3AF35336-5AB5-4357-B2B3-A5CE0DF91FCA}.Debug|ARM64.Build.0 = Debug|x64
		{3AF35336-5AB5-4357-B2B3-A5CE0DF91FCA}.Debug|x64.ActiveCfg = Debug|x64
		{3AF35336-5AB5-4357-B2B3-A5CE0DF91FCA}.Debug|x64.Build.0 = Debug|x64
		{3AF35336-5AB5-4357-B2B3-A5CE0DF91FCA}.Debug|x86.ActiveCfg = Debug|Win32
		{3AF35336-5AB5-4357-B2B3-A5CE0DF91FCA}.Debug|x86.Build.0 = Debug|Win32
		{3AF35336-5AB5-4357-B2B3-A5CE0DF91FCA}.MinSizeRel|ARM.ActiveCfg = Release|Win32
		{3AF35336-5AB5-4357-B2B3-A5CE0DF91FCA}.MinSizeRel|ARM.Build.0 = Release|Win32
		{3AF35336-5AB5-4357-B2B3-A5CE0DF91FCA}.MinSizeRel|ARM64.ActiveCfg = Release|Win32
		{3AF35336-5AB5-4357-B2B3-A5CE0DF91FCA}.MinSizeRel|ARM64.Build.0 = Release|Win32
		{3AF35336-5AB5-4357-B2B3-A5CE0DF91FCA}.MinSizeRel|x64.ActiveCfg = Debug|x64
		{3AF35336-5AB5-4357-B2B3-A5CE0DF91FCA}.MinSizeRel|x64.Build.0 = Debug|x64
		{3AF35336-5AB5-4357-B2B3-A5CE0DF91FCA}.MinSizeRel|x86.ActiveCfg = Debug|Win32
		{3AF35336-5AB5-4357-B2B3-A5CE0DF91FCA}.MinSizeRel|x86.Build.0 = Debug|Win32
		{3AF35336-5AB5-4357-B2B3-A5CE0DF91FCA}.Release|ARM.ActiveCfg = Release|x64
		{3AF35336-5AB5-4357-B2B3-A5CE0DF91FCA}.Release|ARM.Build.0 = Release|x64
		{3AF35336-5AB5-4357-B2B3-A5CE0DF91FCA}.Release|ARM64.ActiveCfg = Release|x64
		{3AF35336-5AB5-4357-B2B3-A5CE0DF91FCA}.Release|ARM64.Build.0 = Release|x64
		{3AF35336-5AB5-4357-B2B3-A5CE0DF91FCA}.Release|x64.ActiveCfg = Release|x64
		{3AF35336-5AB5-4357-B2B3-A5CE0DF91FCA}.Release|x64.Build.0 = Release|x64
		{3AF35336-5AB5-4357-B2B3-A5CE0DF91FCA}.Release|x86.ActiveCfg = Release|Win32
		{3AF35336-5AB5-4357-B2B3-A5CE0DF91FCA}.Release|x86.Build.0 = Release|Win32
		{3AF35336-5AB5-4357-B2B3-A5CE0DF91FCA}.RelWithDebInfo|ARM.ActiveCfg = Release|Win32
		{3AF35336-5AB5-4357-B2B3-A5CE0DF91FCA}.RelWithDebInfo|ARM.Build.0 = Release|Win32
		{3AF35336-5AB5-4357-B2B3-A5CE0DF91FCA}.RelWithDebInfo|ARM64.ActiveCfg = Release|Win32
		{3AF35336-5AB5-4357-B2B3-A5CE0DF91FCA}.RelWithDebInfo|ARM64.Build.0 = Release|Win32
		{3AF35336-5AB5-4357-B2B3-A5CE0DF91FCA}.RelWithDebInfo|x64.ActiveCfg = Release|x64
		{3AF35336-5AB5-4357-B2B3-A5CE0DF91FCA}.RelWithDebInfo|x64.Build.0 = Release|x64
		{3AF35336-5AB5-4357-B2B3-A5CE0DF91FCA}.RelWithDebInfo|x86.ActiveCfg = Release|Win32
		{3AF35336-5AB5-4357-B2B3-A5CE0DF91FCA}.RelWithDebInfo|x86.Build.0 = Release|Win32
		{CC46F4D4-954E-400C-B64F-3D98C8229366}.Debug|ARM.ActiveCfg = Debug|x64
		{CC46F4D4-954E-400C-B64F-3D98C8229366}.Debug|ARM.Build.0 = Debug|x64
		{CC46F4D4-954E-400C-B64F-3D98C8229366}.Debug|ARM64.ActiveCfg = Debug|x64
		{CC46F4D4-954E-400C-B64F-3D98C8229366}.Debug|ARM64.Build.0 = Debug|x64
		{CC46F4D4-954E-400C-B64F-3D98C8229366}.Debug|x64.ActiveCfg = Debug|x64
		{CC46F4D4-954E-400C-B64F-3D98C8229366}.Debug|x64.Build.0 = Debug|x64
		{CC46F4D4-954E-400C-B64F-3D98C8229366}.Debug|x86.ActiveCfg = Debug|Win32
		{CC46F4D4-954E-400C-B64F-3D98C8229366}.Debug|x86.Build.0 = Debug|Win32
		{CC46F4D4-954E-400C-B64F-3D98C8229366}.MinSizeRel|ARM.ActiveCfg = Release|Win32
		{CC46F4D4-954E-400C-B64F-3D98C8229366}.MinSizeRel|ARM.Build.0 = Release|Win32
		{CC46F4D4-954E-400C-B64F-3D98C8229366}.MinSizeRel|ARM64.ActiveCfg = Release|Win32
		{CC46F4D4-954E-400C-B64F-3D98C8229366}.MinSizeRel|ARM64.Build.0 = Release|Win32
		{CC46F4D4-954E-400C-B64F-3D98C8229366}.MinSizeRel|x64.ActiveCfg = Debug|x64
		{CC46F4D4-954E-400C-B64F-3D98C8229366}.MinSizeRel|x64.Build.0 = Debug|x64
		{CC46F4D4-954E-400C-B64F-3D98C8229366}.MinSizeRel|x86.ActiveCfg = Debug|Win32
		{CC46F4D4-954E-400C-B64F-3D98C8229366}.MinSizeRel|x86.Build.0 = Debug|Win32
		{CC46F4D4-954E-400C-B64F-3D98C8229366}.Release|ARM.ActiveCfg = Release|x64
		{CC46F4D4-954E-400C-B64F-3D98C8229366}.Release|ARM.Build.0 = Release|x64
		{CC46F4D4-954E-400C-B64F-3D98C8229366}.Release|ARM64.ActiveCfg = Release|x64
		{CC46F4D4-954E-400C-B64F-3D98C8229366}.Release|ARM64.Build.0 = Release|x64
		{CC46F4D4-954E-400C-B64F-3D98C8229366}.Release|x64.ActiveCfg = Release|x64
		{CC46F4D4-954E-400C-B64F-3D98C8229366}.Release|x64.Build.0 = Release|x64
		{CC46F4D4-954E-400C-B64F-3D98C8229366}.Release|x86.ActiveCfg = Release|Win32
		{CC46F4D4-954E-400C-B64F-3D98C8229366}.Release|x86.Build.0 = Release|Win32
		{CC46F4D4-954E-400C-B64F-3D98C8229366}.RelWithDebInfo|ARM.ActiveCfg = Release|Win32
		{CC46F4D4-954E-400C-B64F-3D98C8229366}.RelWithDebInfo|ARM.Build.0 = Release|Win32
		{CC46F4D4-954E-400C-B64F-3D98C8229366}.RelWithDebInfo|ARM64.ActiveCfg = Release|Win32
		{CC46F4D4-954E-400C-B64F-3D98C8229366}.RelWithDebInfo|ARM64.Build.0 = Release|Win32
		{CC46F4D4-954E-400C-B64F-3D98C8229366}.RelWithDebInfo|x64.ActiveCfg = Release|x64
		{CC46F4D4-954E-400C-B64F-3D98C8229366}.RelWithDebInfo|x64.Build.0 = Release|x64
		{CC46F4D4-954E-400C-B64F-3D98C8229366}.RelWithDebInfo|x86.ActiveCfg = Release|Win32
		{CC46F4D4-954E-400C-B64F-3D98C8229366}.RelWithDebInfo|x86.Build.0 = Release|Win32
		{6D79829E-A19E-456C-A4BE-0AD5F55BF220}.Debug|ARM.ActiveCfg = Debug|x64
		{6D79829E-A19E-456C-A4BE-0AD5F55BF220}.Debug|ARM.Build.0 = Debug|x64
		{6D79829E-A19E-456C-A4BE-0AD5F55BF220}.Debug|ARM64.ActiveCfg = Debug|ARM64
		{6D79829E-A19E-456C-A4BE-0AD5F55BF220}.Debug|ARM64.Build.0 = Debug|ARM64
		{6D79829E-A19E-456C-A4BE-0AD5F55BF220}.Debug|x64.ActiveCfg = Debug|x64
		{6D79829E-A19E-456C-A4BE-0AD5F55BF220}.Debug|x64.Build.0 = Debug|x64
		{6D79829E-A19E-456C-A4BE-0AD5F55BF220}.Debug|x86.ActiveCfg = Debug|Win32
		{6D79829E-A19E-456C-A4BE-0AD5F55BF220}.Debug|x86.Build.0 = Debug|Win32
		{6D79829E-A19E-456C-A4BE-0AD5F55BF220}.MinSizeRel|ARM.ActiveCfg = Debug|Win32
		{6D79829E-A19E-456C-A4BE-0AD5F55BF220}.MinSizeRel|ARM.Build.0 = Debug|Win32
		{6D79829E-A19E-456C-A4BE-0AD5F55BF220}.MinSizeRel|ARM64.ActiveCfg = Debug|ARM64
		{6D79829E-A19E-456C-A4BE-0AD5F55BF220}.MinSizeRel|ARM64.Build.0 = Debug|ARM64
		{6D79829E-A19E-456C-A4BE-0AD5F55BF220}.MinSizeRel|x64.ActiveCfg = Debug|x64
		{6D79829E-A19E-456C-A4BE-0AD5F55BF220}.MinSizeRel|x64.Build.0 = Debug|x64
		{6D79829E-A19E-456C-A4BE-0AD5F55BF220}.MinSizeRel|x86.ActiveCfg = Debug|Win32
		{6D79829E-A19E-456C-A4BE-0AD5F55BF220}.MinSizeRel|x86.Build.0 = Debug|Win32
		{6D79829E-A19E-456C-A4BE-0AD5F55BF220}.Release|ARM.ActiveCfg = Release|x64
		{6D79829E-A19E-456C-A4BE-0AD5F55BF220}.Release|ARM.Build.0 = Release|x64
		{6D79829E-A19E-456C-A4BE-0AD5F55BF220}.Release|ARM64.ActiveCfg = Release|ARM64
		{6D79829E-A19E-456C-A4BE-0AD5F55BF220}.Release|ARM64.Build.0 = Release|ARM64
		{6D79829E-A19E-456C-A4BE-0AD5F55BF220}.Release|x64.ActiveCfg = Release|x64
		{6D79829E-A19E-456C-A4BE-0AD5F55BF220}.Release|x64.Build.0 = Release|x64
		{6D79829E-A19E-456C-A4BE-0AD5F55BF220}.Release|x86.ActiveCfg = Release|Win32
		{6D79829E-A19E-456C-A4BE-0AD5F55BF220}.Release|x86.Build.0 = Release|Win32
		{6D79829E-A19E-456C-A4BE-0AD5F55BF220}.RelWithDebInfo|ARM.ActiveCfg = Debug|Win32
		{6D79829E-A19E-456C-A4BE-0AD5F55BF220}.RelWithDebInfo|ARM.Build.0 = Debug|Win32
		{6D79829E-A19E-456C-A4BE-0AD5F55BF220}.RelWithDebInfo|ARM64.ActiveCfg = Release|ARM64
		{6D79829E-A19E-456C-A4BE-0AD5F55BF220}.RelWithDebInfo|ARM64.Build.0 = Release|ARM64
		{6D79829E-A19E-456C-A4BE-0AD5F55BF220}.RelWithDebInfo|x64.ActiveCfg = Release|x64
		{6D79829E-A19E-456C-A4BE-0AD5F55BF220}.RelWithDebInfo|x64.Build.0 = Release|x64
		{6D79829E-A19E-456C-A4BE-0AD5F55BF220}.RelWithDebInfo|x86.ActiveCfg = Release|Win32
		{6D79829E-A19E-456C-A4BE-0AD5F55BF220}.RelWithDebInfo|x86.Build.0 = Release|Win32
	EndGlobalSection
	GlobalSection(SolutionProperties) = preSolution
		HideSolutionNode = FALSE
	EndGlobalSection
	GlobalSection(NestedProjects) = preSolution
		{6D79829E-A19E-456C-A4BE-0AD5F55BF220} = {FF064904-A42E-46C1-BCC6-FCEAD1C45460}
	EndGlobalSection
	GlobalSection(ExtensibilityGlobals) = postSolution
		SolutionGuid = {F61DD1AE-E472-4CAE-B7D4-1709A4BFFAB3}
	EndGlobalSection
EndGlobal
