
Microsoft Visual Studio Solution File, Format Version 12.00
# Visual Studio Version 17
VisualStudioVersion = 17.0.32126.317
MinimumVisualStudioVersion = 10.0.40219.1
Project("{8BC9CEB8-8B4A-11D0-8D11-00A0C91BC942}") = "BuD", "BuD\BuD.vcxproj", "{3AF35336-5AB5-4357-B2B3-A5CE0DF91FCA}"
EndProject
Project("{8BC9CEB8-8B4A-11D0-8D11-00A0C91BC942}") = "Sandbox", "Sandbox\Sandbox.vcxproj", "{CC46F4D4-954E-400C-B64F-3D98C8229366}"
EndProject
Global
	GlobalSection(SolutionConfigurationPlatforms) = preSolution
		Debug|x64 = Debug|x64
		Debug|x86 = Debug|x86
		MinSizeRel|x64 = MinSizeRel|x64
		MinSizeRel|x86 = MinSizeRel|x86
		Release|x64 = Release|x64
		Release|x86 = Release|x86
		RelWithDebInfo|x64 = RelWithDebInfo|x64
		RelWithDebInfo|x86 = RelWithDebInfo|x86
	EndGlobalSection
	GlobalSection(ProjectConfigurationPlatforms) = postSolution
		{3AF35336-5AB5-4357-B2B3-A5CE0DF91FCA}.Debug|x64.ActiveCfg = Debug|x64
		{3AF35336-5AB5-4357-B2B3-A5CE0DF91FCA}.Debug|x64.Build.0 = Debug|x64
		{3AF35336-5AB5-4357-B2B3-A5CE0DF91FCA}.Debug|x86.ActiveCfg = Debug|Win32
		{3AF35336-5AB5-4357-B2B3-A5CE0DF91FCA}.Debug|x86.Build.0 = Debug|Win32
		{3AF35336-5AB5-4357-B2B3-A5CE0DF91FCA}.MinSizeRel|x64.ActiveCfg = Debug|x64
		{3AF35336-5AB5-4357-B2B3-A5CE0DF91FCA}.MinSizeRel|x64.Build.0 = Debug|x64
		{3AF35336-5AB5-4357-B2B3-A5CE0DF91FCA}.MinSizeRel|x86.ActiveCfg = Debug|Win32
		{3AF35336-5AB5-4357-B2B3-A5CE0DF91FCA}.MinSizeRel|x86.Build.0 = Debug|Win32
		{3AF35336-5AB5-4357-B2B3-A5CE0DF91FCA}.Release|x64.ActiveCfg = Release|x64
		{3AF35336-5AB5-4357-B2B3-A5CE0DF91FCA}.Release|x64.Build.0 = Release|x64
		{3AF35336-5AB5-4357-B2B3-A5CE0DF91FCA}.Release|x86.ActiveCfg = Release|Win32
		{3AF35336-5AB5-4357-B2B3-A5CE0DF91FCA}.Release|x86.Build.0 = Release|Win32
		{3AF35336-5AB5-4357-B2B3-A5CE0DF91FCA}.RelWithDebInfo|x64.ActiveCfg = Release|x64
		{3AF35336-5AB5-4357-B2B3-A5CE0DF91FCA}.RelWithDebInfo|x64.Build.0 = Release|x64
		{3AF35336-5AB5-4357-B2B3-A5CE0DF91FCA}.RelWithDebInfo|x86.ActiveCfg = Release|Win32
		{3AF35336-5AB5-4357-B2B3-A5CE0DF91FCA}.RelWithDebInfo|x86.Build.0 = Release|Win32
		{CC46F4D4-954E-400C-B64F-3D98C8229366}.Debug|x64.ActiveCfg = Debug|x64
		{CC46F4D4-954E-400C-B64F-3D98C8229366}.Debug|x64.Build.0 = Debug|x64
		{CC46F4D4-954E-400C-B64F-3D98C8229366}.Debug|x86.ActiveCfg = Debug|Win32
		{CC46F4D4-954E-400C-B64F-3D98C8229366}.Debug|x86.Build.0 = Debug|Win32
		{CC46F4D4-954E-400C-B64F-3D98C8229366}.MinSizeRel|x64.ActiveCfg = Debug|x64
		{CC46F4D4-954E-400C-B64F-3D98C8229366}.MinSizeRel|x64.Build.0 = Debug|x64
		{CC46F4D4-954E-400C-B64F-3D98C8229366}.MinSizeRel|x86.ActiveCfg = Debug|Win32
		{CC46F4D4-954E-400C-B64F-3D98C8229366}.MinSizeRel|x86.Build.0 = Debug|Win32
		{CC46F4D4-954E-400C-B64F-3D98C8229366}.Release|x64.ActiveCfg = Release|x64
		{CC46F4D4-954E-400C-B64F-3D98C8229366}.Release|x64.Build.0 = Release|x64
		{CC46F4D4-954E-400C-B64F-3D98C8229366}.Release|x86.ActiveCfg = Release|Win32
		{CC46F4D4-954E-400C-B64F-3D98C8229366}.Release|x86.Build.0 = Release|Win32
		{CC46F4D4-954E-400C-B64F-3D98C8229366}.RelWithDebInfo|x64.ActiveCfg = Release|x64
		{CC46F4D4-954E-400C-B64F-3D98C8229366}.RelWithDebInfo|x64.Build.0 = Release|x64
		{CC46F4D4-954E-400C-B64F-3D98C8229366}.RelWithDebInfo|x86.ActiveCfg = Release|Win32
		{CC46F4D4-954E-400C-B64F-3D98C8229366}.RelWithDebInfo|x86.Build.0 = Release|Win32
	EndGlobalSection
	GlobalSection(SolutionProperties) = preSolution
		HideSolutionNode = FALSE
	EndGlobalSection
	GlobalSection(ExtensibilityGlobals) = postSolution
		SolutionGuid = {F61DD1AE-E472-4CAE-B7D4-1709A4BFFAB3}
	EndGlobalSection
EndGlobal
